// !$*UTF8*$!
{
	archiveVersion = 1;
	classes = {
	};
	objectVersion = 56;
	objects = {

/* Begin PBXBuildFile section */
		961542C52C78F7AF00BCD7E9 /* BinBudApp.swift in Sources */ = {isa = PBXBuildFile; fileRef = 961542C42C78F7AF00BCD7E9 /* BinBudApp.swift */; };
		961542C72C78F7AF00BCD7E9 /* ContentView.swift in Sources */ = {isa = PBXBuildFile; fileRef = 961542C62C78F7AF00BCD7E9 /* ContentView.swift */; };
		961542C92C78F7B100BCD7E9 /* Assets.xcassets in Resources */ = {isa = PBXBuildFile; fileRef = 961542C82C78F7B100BCD7E9 /* Assets.xcassets */; };
		961542CC2C78F7B100BCD7E9 /* Preview Assets.xcassets in Resources */ = {isa = PBXBuildFile; fileRef = 961542CB2C78F7B100BCD7E9 /* Preview Assets.xcassets */; };
		961542D42C78FD0100BCD7E9 /* Logo.swift in Sources */ = {isa = PBXBuildFile; fileRef = 961542D32C78FD0100BCD7E9 /* Logo.swift */; };
		961542D62C78FE0C00BCD7E9 /* AppColors.swift in Sources */ = {isa = PBXBuildFile; fileRef = 961542D52C78FE0C00BCD7E9 /* AppColors.swift */; };
		961542D82C78FF9700BCD7E9 /* BottomButton.swift in Sources */ = {isa = PBXBuildFile; fileRef = 961542D72C78FF9700BCD7E9 /* BottomButton.swift */; };
		961542DA2C7904F800BCD7E9 /* CameraView.swift in Sources */ = {isa = PBXBuildFile; fileRef = 961542D92C7904F800BCD7E9 /* CameraView.swift */; };
		963EEEDA2C82467F00CD413E /* BinBudModelOutput.swift in Sources */ = {isa = PBXBuildFile; fileRef = 963EEED92C82467F00CD413E /* BinBudModelOutput.swift */; };
		963EEEDC2C826B9900CD413E /* CameraModelOutputView.swift in Sources */ = {isa = PBXBuildFile; fileRef = 963EEEDB2C826B9900CD413E /* CameraModelOutputView.swift */; };
		963EEEDE2C827E6B00CD413E /* newPackage.mlpackage in Sources */ = {isa = PBXBuildFile; fileRef = 963EEEDD2C827E6B00CD413E /* newPackage.mlpackage */; };
		965EF4992C793FC90018267F /* CameraModel.swift in Sources */ = {isa = PBXBuildFile; fileRef = 965EF4982C793FC90018267F /* CameraModel.swift */; };
		96B539EC2C791561002F4A73 /* CameraCaptureButton.swift in Sources */ = {isa = PBXBuildFile; fileRef = 96B539EB2C791561002F4A73 /* CameraCaptureButton.swift */; };
		96B539EE2C791A48002F4A73 /* CameraSaveButton.swift in Sources */ = {isa = PBXBuildFile; fileRef = 96B539ED2C791A48002F4A73 /* CameraSaveButton.swift */; };
		96B539F02C792569002F4A73 /* CameraFlipButton.swift in Sources */ = {isa = PBXBuildFile; fileRef = 96B539EF2C792569002F4A73 /* CameraFlipButton.swift */; };
		96B539F22C792604002F4A73 /* CameraRetakeButton.swift in Sources */ = {isa = PBXBuildFile; fileRef = 96B539F12C792604002F4A73 /* CameraRetakeButton.swift */; };
		96B7B5ED2C7AA9F600987D06 /* CameraHelpButton.swift in Sources */ = {isa = PBXBuildFile; fileRef = 96B7B5EC2C7AA9F600987D06 /* CameraHelpButton.swift */; };
		96D9C96E2C8229F30036F6A9 /* preprocessBinBud.mlpackage in Sources */ = {isa = PBXBuildFile; fileRef = 96D9C96A2C8229F30036F6A9 /* preprocessBinBud.mlpackage */; };
		96E8E5BB2C7CE268006E2028 /* CameraHelpToolbar.swift in Sources */ = {isa = PBXBuildFile; fileRef = 96E8E5BA2C7CE268006E2028 /* CameraHelpToolbar.swift */; };
		96E8E5BD2C7CF1F8006E2028 /* CameraHelpBackButton.swift in Sources */ = {isa = PBXBuildFile; fileRef = 96E8E5BC2C7CF1F8006E2028 /* CameraHelpBackButton.swift */; };
		96E8E5C52C7E896A006E2028 /* CameraSettingsButton.swift in Sources */ = {isa = PBXBuildFile; fileRef = 96E8E5C42C7E896A006E2028 /* CameraSettingsButton.swift */; };
		96E8E5C72C7E89D4006E2028 /* CameraInstructionView.swift in Sources */ = {isa = PBXBuildFile; fileRef = 96E8E5C62C7E89D4006E2028 /* CameraInstructionView.swift */; };
		96E8E5C92C7E8B5E006E2028 /* SettingView.swift in Sources */ = {isa = PBXBuildFile; fileRef = 96E8E5C82C7E8B5E006E2028 /* SettingView.swift */; };
		96E8E5CC2C7FCA50006E2028 /* AboutMeView.swift in Sources */ = {isa = PBXBuildFile; fileRef = 96E8E5CB2C7FCA50006E2028 /* AboutMeView.swift */; };
/* End PBXBuildFile section */

/* Begin PBXFileReference section */
		961542C12C78F7AF00BCD7E9 /* BinBud.app */ = {isa = PBXFileReference; explicitFileType = wrapper.application; includeInIndex = 0; path = BinBud.app; sourceTree = BUILT_PRODUCTS_DIR; };
		961542C42C78F7AF00BCD7E9 /* BinBudApp.swift */ = {isa = PBXFileReference; lastKnownFileType = sourcecode.swift; path = BinBudApp.swift; sourceTree = "<group>"; };
		961542C62C78F7AF00BCD7E9 /* ContentView.swift */ = {isa = PBXFileReference; lastKnownFileType = sourcecode.swift; path = ContentView.swift; sourceTree = "<group>"; };
		961542C82C78F7B100BCD7E9 /* Assets.xcassets */ = {isa = PBXFileReference; lastKnownFileType = folder.assetcatalog; path = Assets.xcassets; sourceTree = "<group>"; };
		961542CB2C78F7B100BCD7E9 /* Preview Assets.xcassets */ = {isa = PBXFileReference; lastKnownFileType = folder.assetcatalog; path = "Preview Assets.xcassets"; sourceTree = "<group>"; };
		961542D32C78FD0100BCD7E9 /* Logo.swift */ = {isa = PBXFileReference; lastKnownFileType = sourcecode.swift; path = Logo.swift; sourceTree = "<group>"; };
		961542D52C78FE0C00BCD7E9 /* AppColors.swift */ = {isa = PBXFileReference; lastKnownFileType = sourcecode.swift; path = AppColors.swift; sourceTree = "<group>"; };
		961542D72C78FF9700BCD7E9 /* BottomButton.swift */ = {isa = PBXFileReference; lastKnownFileType = sourcecode.swift; path = BottomButton.swift; sourceTree = "<group>"; };
		961542D92C7904F800BCD7E9 /* CameraView.swift */ = {isa = PBXFileReference; lastKnownFileType = sourcecode.swift; path = CameraView.swift; sourceTree = "<group>"; };
		963EEED92C82467F00CD413E /* BinBudModelOutput.swift */ = {isa = PBXFileReference; lastKnownFileType = sourcecode.swift; path = BinBudModelOutput.swift; sourceTree = "<group>"; };
		963EEEDB2C826B9900CD413E /* CameraModelOutputView.swift */ = {isa = PBXFileReference; lastKnownFileType = sourcecode.swift; path = CameraModelOutputView.swift; sourceTree = "<group>"; };
		963EEEDD2C827E6B00CD413E /* newPackage.mlpackage */ = {isa = PBXFileReference; lastKnownFileType = folder.mlpackage; path = newPackage.mlpackage; sourceTree = "<group>"; };
		965EF4982C793FC90018267F /* CameraModel.swift */ = {isa = PBXFileReference; lastKnownFileType = sourcecode.swift; path = CameraModel.swift; sourceTree = "<group>"; };
		96B539EB2C791561002F4A73 /* CameraCaptureButton.swift */ = {isa = PBXFileReference; lastKnownFileType = sourcecode.swift; path = CameraCaptureButton.swift; sourceTree = "<group>"; };
		96B539ED2C791A48002F4A73 /* CameraSaveButton.swift */ = {isa = PBXFileReference; lastKnownFileType = sourcecode.swift; path = CameraSaveButton.swift; sourceTree = "<group>"; };
		96B539EF2C792569002F4A73 /* CameraFlipButton.swift */ = {isa = PBXFileReference; lastKnownFileType = sourcecode.swift; path = CameraFlipButton.swift; sourceTree = "<group>"; };
		96B539F12C792604002F4A73 /* CameraRetakeButton.swift */ = {isa = PBXFileReference; lastKnownFileType = sourcecode.swift; path = CameraRetakeButton.swift; sourceTree = "<group>"; };
		96B7B5EC2C7AA9F600987D06 /* CameraHelpButton.swift */ = {isa = PBXFileReference; lastKnownFileType = sourcecode.swift; path = CameraHelpButton.swift; sourceTree = "<group>"; };
		96D9C96A2C8229F30036F6A9 /* preprocessBinBud.mlpackage */ = {isa = PBXFileReference; lastKnownFileType = folder.mlpackage; path = preprocessBinBud.mlpackage; sourceTree = "<group>"; };
		96E8E5BA2C7CE268006E2028 /* CameraHelpToolbar.swift */ = {isa = PBXFileReference; lastKnownFileType = sourcecode.swift; path = CameraHelpToolbar.swift; sourceTree = "<group>"; };
		96E8E5BC2C7CF1F8006E2028 /* CameraHelpBackButton.swift */ = {isa = PBXFileReference; lastKnownFileType = sourcecode.swift; path = CameraHelpBackButton.swift; sourceTree = "<group>"; };
		96E8E5C42C7E896A006E2028 /* CameraSettingsButton.swift */ = {isa = PBXFileReference; lastKnownFileType = sourcecode.swift; path = CameraSettingsButton.swift; sourceTree = "<group>"; };
		96E8E5C62C7E89D4006E2028 /* CameraInstructionView.swift */ = {isa = PBXFileReference; lastKnownFileType = sourcecode.swift; path = CameraInstructionView.swift; sourceTree = "<group>"; };
		96E8E5C82C7E8B5E006E2028 /* SettingView.swift */ = {isa = PBXFileReference; lastKnownFileType = sourcecode.swift; path = SettingView.swift; sourceTree = "<group>"; };
		96E8E5CB2C7FCA50006E2028 /* AboutMeView.swift */ = {isa = PBXFileReference; lastKnownFileType = sourcecode.swift; path = AboutMeView.swift; sourceTree = "<group>"; };
/* End PBXFileReference section */

/* Begin PBXFrameworksBuildPhase section */
		961542BE2C78F7AF00BCD7E9 /* Frameworks */ = {
			isa = PBXFrameworksBuildPhase;
			buildActionMask = 2147483647;
			files = (
			);
			runOnlyForDeploymentPostprocessing = 0;
		};
/* End PBXFrameworksBuildPhase section */

/* Begin PBXGroup section */
		961542B82C78F7AF00BCD7E9 = {
			isa = PBXGroup;
			children = (
				961542C32C78F7AF00BCD7E9 /* BinBud */,
				961542C22C78F7AF00BCD7E9 /* Products */,
			);
			sourceTree = "<group>";
		};
		961542C22C78F7AF00BCD7E9 /* Products */ = {
			isa = PBXGroup;
			children = (
				961542C12C78F7AF00BCD7E9 /* BinBud.app */,
			);
			name = Products;
			sourceTree = "<group>";
		};
		961542C32C78F7AF00BCD7E9 /* BinBud */ = {
			isa = PBXGroup;
			children = (
				96D9C96B2C8229F30036F6A9 /* CoreMLModel */,
				965EF4972C793FA40018267F /* Models */,
				961542D22C78FB8900BCD7E9 /* Views */,
				961542C42C78F7AF00BCD7E9 /* BinBudApp.swift */,
				961542C62C78F7AF00BCD7E9 /* ContentView.swift */,
				961542C82C78F7B100BCD7E9 /* Assets.xcassets */,
				961542CA2C78F7B100BCD7E9 /* Preview Content */,
			);
			path = BinBud;
			sourceTree = "<group>";
		};
		961542CA2C78F7B100BCD7E9 /* Preview Content */ = {
			isa = PBXGroup;
			children = (
				961542CB2C78F7B100BCD7E9 /* Preview Assets.xcassets */,
			);
			path = "Preview Content";
			sourceTree = "<group>";
		};
		961542D22C78FB8900BCD7E9 /* Views */ = {
			isa = PBXGroup;
			children = (
				96E8E5CA2C7FC907006E2028 /* SettingsUI */,
				961542D92C7904F800BCD7E9 /* CameraView.swift */,
				96B539EA2C791544002F4A73 /* CameraUI */,
				961542D32C78FD0100BCD7E9 /* Logo.swift */,
				961542D52C78FE0C00BCD7E9 /* AppColors.swift */,
				961542D72C78FF9700BCD7E9 /* BottomButton.swift */,
				96E8E5C82C7E8B5E006E2028 /* SettingView.swift */,
			);
			path = Views;
			sourceTree = "<group>";
		};
		965EF4972C793FA40018267F /* Models */ = {
			isa = PBXGroup;
			children = (
				965EF4982C793FC90018267F /* CameraModel.swift */,
				963EEED92C82467F00CD413E /* BinBudModelOutput.swift */,
			);
			path = Models;
			sourceTree = "<group>";
		};
		96B539EA2C791544002F4A73 /* CameraUI */ = {
			isa = PBXGroup;
			children = (
				96B539EB2C791561002F4A73 /* CameraCaptureButton.swift */,
				96B539ED2C791A48002F4A73 /* CameraSaveButton.swift */,
				96B539EF2C792569002F4A73 /* CameraFlipButton.swift */,
				96B539F12C792604002F4A73 /* CameraRetakeButton.swift */,
				96B7B5EC2C7AA9F600987D06 /* CameraHelpButton.swift */,
				96E8E5BC2C7CF1F8006E2028 /* CameraHelpBackButton.swift */,
				96E8E5BA2C7CE268006E2028 /* CameraHelpToolbar.swift */,
				96E8E5C42C7E896A006E2028 /* CameraSettingsButton.swift */,
				96E8E5C62C7E89D4006E2028 /* CameraInstructionView.swift */,
				963EEEDB2C826B9900CD413E /* CameraModelOutputView.swift */,
			);
			path = CameraUI;
			sourceTree = "<group>";
		};
		96D9C96B2C8229F30036F6A9 /* CoreMLModel */ = {
			isa = PBXGroup;
			children = (
				963EEEDD2C827E6B00CD413E /* newPackage.mlpackage */,
				96D9C96A2C8229F30036F6A9 /* preprocessBinBud.mlpackage */,
			);
			path = CoreMLModel;
			sourceTree = "<group>";
		};
		96E8E5CA2C7FC907006E2028 /* SettingsUI */ = {
			isa = PBXGroup;
			children = (
				96E8E5CB2C7FCA50006E2028 /* AboutMeView.swift */,
			);
			path = SettingsUI;
			sourceTree = "<group>";
		};
/* End PBXGroup section */

/* Begin PBXNativeTarget section */
		961542C02C78F7AF00BCD7E9 /* BinBud */ = {
			isa = PBXNativeTarget;
			buildConfigurationList = 961542CF2C78F7B100BCD7E9 /* Build configuration list for PBXNativeTarget "BinBud" */;
			buildPhases = (
				961542BD2C78F7AF00BCD7E9 /* Sources */,
				961542BE2C78F7AF00BCD7E9 /* Frameworks */,
				961542BF2C78F7AF00BCD7E9 /* Resources */,
			);
			buildRules = (
			);
			dependencies = (
			);
			name = BinBud;
			productName = BinBud;
			productReference = 961542C12C78F7AF00BCD7E9 /* BinBud.app */;
			productType = "com.apple.product-type.application";
		};
/* End PBXNativeTarget section */

/* Begin PBXProject section */
		961542B92C78F7AF00BCD7E9 /* Project object */ = {
			isa = PBXProject;
			attributes = {
				BuildIndependentTargetsInParallel = 1;
				LastSwiftUpdateCheck = 1540;
				LastUpgradeCheck = 1540;
				TargetAttributes = {
					961542C02C78F7AF00BCD7E9 = {
						CreatedOnToolsVersion = 15.4;
					};
				};
			};
			buildConfigurationList = 961542BC2C78F7AF00BCD7E9 /* Build configuration list for PBXProject "BinBud" */;
			compatibilityVersion = "Xcode 14.0";
			developmentRegion = en;
			hasScannedForEncodings = 0;
			knownRegions = (
				en,
				Base,
			);
			mainGroup = 961542B82C78F7AF00BCD7E9;
			productRefGroup = 961542C22C78F7AF00BCD7E9 /* Products */;
			projectDirPath = "";
			projectRoot = "";
			targets = (
				961542C02C78F7AF00BCD7E9 /* BinBud */,
			);
		};
/* End PBXProject section */

/* Begin PBXResourcesBuildPhase section */
		961542BF2C78F7AF00BCD7E9 /* Resources */ = {
			isa = PBXResourcesBuildPhase;
			buildActionMask = 2147483647;
			files = (
				961542CC2C78F7B100BCD7E9 /* Preview Assets.xcassets in Resources */,
				961542C92C78F7B100BCD7E9 /* Assets.xcassets in Resources */,
			);
			runOnlyForDeploymentPostprocessing = 0;
		};
/* End PBXResourcesBuildPhase section */

/* Begin PBXSourcesBuildPhase section */
		961542BD2C78F7AF00BCD7E9 /* Sources */ = {
			isa = PBXSourcesBuildPhase;
			buildActionMask = 2147483647;
			files = (
				963EEEDA2C82467F00CD413E /* BinBudModelOutput.swift in Sources */,
				961542C72C78F7AF00BCD7E9 /* ContentView.swift in Sources */,
				961542D82C78FF9700BCD7E9 /* BottomButton.swift in Sources */,
				965EF4992C793FC90018267F /* CameraModel.swift in Sources */,
				96D9C96E2C8229F30036F6A9 /* preprocessBinBud.mlpackage in Sources */,
				96B7B5ED2C7AA9F600987D06 /* CameraHelpButton.swift in Sources */,
				96E8E5C52C7E896A006E2028 /* CameraSettingsButton.swift in Sources */,
				96B539EC2C791561002F4A73 /* CameraCaptureButton.swift in Sources */,
				96B539F02C792569002F4A73 /* CameraFlipButton.swift in Sources */,
				961542D62C78FE0C00BCD7E9 /* AppColors.swift in Sources */,
				961542DA2C7904F800BCD7E9 /* CameraView.swift in Sources */,
				963EEEDE2C827E6B00CD413E /* newPackage.mlpackage in Sources */,
				96E8E5C92C7E8B5E006E2028 /* SettingView.swift in Sources */,
				96E8E5BB2C7CE268006E2028 /* CameraHelpToolbar.swift in Sources */,
				96B539EE2C791A48002F4A73 /* CameraSaveButton.swift in Sources */,
				963EEEDC2C826B9900CD413E /* CameraModelOutputView.swift in Sources */,
				96E8E5CC2C7FCA50006E2028 /* AboutMeView.swift in Sources */,
				961542D42C78FD0100BCD7E9 /* Logo.swift in Sources */,
				96E8E5C72C7E89D4006E2028 /* CameraInstructionView.swift in Sources */,
				96B539F22C792604002F4A73 /* CameraRetakeButton.swift in Sources */,
				96E8E5BD2C7CF1F8006E2028 /* CameraHelpBackButton.swift in Sources */,
				961542C52C78F7AF00BCD7E9 /* BinBudApp.swift in Sources */,
			);
			runOnlyForDeploymentPostprocessing = 0;
		};
/* End PBXSourcesBuildPhase section */

/* Begin XCBuildConfiguration section */
		961542CD2C78F7B100BCD7E9 /* Debug */ = {
			isa = XCBuildConfiguration;
			buildSettings = {
				ALWAYS_SEARCH_USER_PATHS = NO;
				ASSETCATALOG_COMPILER_GENERATE_SWIFT_ASSET_SYMBOL_EXTENSIONS = YES;
				CLANG_ANALYZER_NONNULL = YES;
				CLANG_ANALYZER_NUMBER_OBJECT_CONVERSION = YES_AGGRESSIVE;
				CLANG_CXX_LANGUAGE_STANDARD = "gnu++20";
				CLANG_ENABLE_MODULES = YES;
				CLANG_ENABLE_OBJC_ARC = YES;
				CLANG_ENABLE_OBJC_WEAK = YES;
				CLANG_WARN_BLOCK_CAPTURE_AUTORELEASING = YES;
				CLANG_WARN_BOOL_CONVERSION = YES;
				CLANG_WARN_COMMA = YES;
				CLANG_WARN_CONSTANT_CONVERSION = YES;
				CLANG_WARN_DEPRECATED_OBJC_IMPLEMENTATIONS = YES;
				CLANG_WARN_DIRECT_OBJC_ISA_USAGE = YES_ERROR;
				CLANG_WARN_DOCUMENTATION_COMMENTS = YES;
				CLANG_WARN_EMPTY_BODY = YES;
				CLANG_WARN_ENUM_CONVERSION = YES;
				CLANG_WARN_INFINITE_RECURSION = YES;
				CLANG_WARN_INT_CONVERSION = YES;
				CLANG_WARN_NON_LITERAL_NULL_CONVERSION = YES;
				CLANG_WARN_OBJC_IMPLICIT_RETAIN_SELF = YES;
				CLANG_WARN_OBJC_LITERAL_CONVERSION = YES;
				CLANG_WARN_OBJC_ROOT_CLASS = YES_ERROR;
				CLANG_WARN_QUOTED_INCLUDE_IN_FRAMEWORK_HEADER = YES;
				CLANG_WARN_RANGE_LOOP_ANALYSIS = YES;
				CLANG_WARN_STRICT_PROTOTYPES = YES;
				CLANG_WARN_SUSPICIOUS_MOVE = YES;
				CLANG_WARN_UNGUARDED_AVAILABILITY = YES_AGGRESSIVE;
				CLANG_WARN_UNREACHABLE_CODE = YES;
				CLANG_WARN__DUPLICATE_METHOD_MATCH = YES;
				COPY_PHASE_STRIP = NO;
				DEBUG_INFORMATION_FORMAT = dwarf;
				ENABLE_STRICT_OBJC_MSGSEND = YES;
				ENABLE_TESTABILITY = YES;
				ENABLE_USER_SCRIPT_SANDBOXING = YES;
				GCC_C_LANGUAGE_STANDARD = gnu17;
				GCC_DYNAMIC_NO_PIC = NO;
				GCC_NO_COMMON_BLOCKS = YES;
				GCC_OPTIMIZATION_LEVEL = 0;
				GCC_PREPROCESSOR_DEFINITIONS = (
					"DEBUG=1",
					"$(inherited)",
				);
				GCC_WARN_64_TO_32_BIT_CONVERSION = YES;
				GCC_WARN_ABOUT_RETURN_TYPE = YES_ERROR;
				GCC_WARN_UNDECLARED_SELECTOR = YES;
				GCC_WARN_UNINITIALIZED_AUTOS = YES_AGGRESSIVE;
				GCC_WARN_UNUSED_FUNCTION = YES;
				GCC_WARN_UNUSED_VARIABLE = YES;
				IPHONEOS_DEPLOYMENT_TARGET = 17.5;
				LOCALIZATION_PREFERS_STRING_CATALOGS = YES;
				MTL_ENABLE_DEBUG_INFO = INCLUDE_SOURCE;
				MTL_FAST_MATH = YES;
				ONLY_ACTIVE_ARCH = YES;
				SDKROOT = iphoneos;
				SWIFT_ACTIVE_COMPILATION_CONDITIONS = "DEBUG $(inherited)";
				SWIFT_OPTIMIZATION_LEVEL = "-Onone";
			};
			name = Debug;
		};
		961542CE2C78F7B100BCD7E9 /* Release */ = {
			isa = XCBuildConfiguration;
			buildSettings = {
				ALWAYS_SEARCH_USER_PATHS = NO;
				ASSETCATALOG_COMPILER_GENERATE_SWIFT_ASSET_SYMBOL_EXTENSIONS = YES;
				CLANG_ANALYZER_NONNULL = YES;
				CLANG_ANALYZER_NUMBER_OBJECT_CONVERSION = YES_AGGRESSIVE;
				CLANG_CXX_LANGUAGE_STANDARD = "gnu++20";
				CLANG_ENABLE_MODULES = YES;
				CLANG_ENABLE_OBJC_ARC = YES;
				CLANG_ENABLE_OBJC_WEAK = YES;
				CLANG_WARN_BLOCK_CAPTURE_AUTORELEASING = YES;
				CLANG_WARN_BOOL_CONVERSION = YES;
				CLANG_WARN_COMMA = YES;
				CLANG_WARN_CONSTANT_CONVERSION = YES;
				CLANG_WARN_DEPRECATED_OBJC_IMPLEMENTATIONS = YES;
				CLANG_WARN_DIRECT_OBJC_ISA_USAGE = YES_ERROR;
				CLANG_WARN_DOCUMENTATION_COMMENTS = YES;
				CLANG_WARN_EMPTY_BODY = YES;
				CLANG_WARN_ENUM_CONVERSION = YES;
				CLANG_WARN_INFINITE_RECURSION = YES;
				CLANG_WARN_INT_CONVERSION = YES;
				CLANG_WARN_NON_LITERAL_NULL_CONVERSION = YES;
				CLANG_WARN_OBJC_IMPLICIT_RETAIN_SELF = YES;
				CLANG_WARN_OBJC_LITERAL_CONVERSION = YES;
				CLANG_WARN_OBJC_ROOT_CLASS = YES_ERROR;
				CLANG_WARN_QUOTED_INCLUDE_IN_FRAMEWORK_HEADER = YES;
				CLANG_WARN_RANGE_LOOP_ANALYSIS = YES;
				CLANG_WARN_STRICT_PROTOTYPES = YES;
				CLANG_WARN_SUSPICIOUS_MOVE = YES;
				CLANG_WARN_UNGUARDED_AVAILABILITY = YES_AGGRESSIVE;
				CLANG_WARN_UNREACHABLE_CODE = YES;
				CLANG_WARN__DUPLICATE_METHOD_MATCH = YES;
				COPY_PHASE_STRIP = NO;
				DEBUG_INFORMATION_FORMAT = "dwarf-with-dsym";
				ENABLE_NS_ASSERTIONS = NO;
				ENABLE_STRICT_OBJC_MSGSEND = YES;
				ENABLE_USER_SCRIPT_SANDBOXING = YES;
				GCC_C_LANGUAGE_STANDARD = gnu17;
				GCC_NO_COMMON_BLOCKS = YES;
				GCC_WARN_64_TO_32_BIT_CONVERSION = YES;
				GCC_WARN_ABOUT_RETURN_TYPE = YES_ERROR;
				GCC_WARN_UNDECLARED_SELECTOR = YES;
				GCC_WARN_UNINITIALIZED_AUTOS = YES_AGGRESSIVE;
				GCC_WARN_UNUSED_FUNCTION = YES;
				GCC_WARN_UNUSED_VARIABLE = YES;
				IPHONEOS_DEPLOYMENT_TARGET = 17.5;
				LOCALIZATION_PREFERS_STRING_CATALOGS = YES;
				MTL_ENABLE_DEBUG_INFO = NO;
				MTL_FAST_MATH = YES;
				SDKROOT = iphoneos;
				SWIFT_COMPILATION_MODE = wholemodule;
				VALIDATE_PRODUCT = YES;
			};
			name = Release;
		};
		961542D02C78F7B100BCD7E9 /* Debug */ = {
			isa = XCBuildConfiguration;
			buildSettings = {
				ASSETCATALOG_COMPILER_APPICON_NAME = AppIcon;
				ASSETCATALOG_COMPILER_GLOBAL_ACCENT_COLOR_NAME = AccentColor;
				CODE_SIGN_STYLE = Automatic;
				CURRENT_PROJECT_VERSION = 1;
				DEVELOPMENT_ASSET_PATHS = "\"BinBud/Preview Content\"";
				DEVELOPMENT_TEAM = L979M8V7RW;
				ENABLE_PREVIEWS = YES;
				GENERATE_INFOPLIST_FILE = YES;
				INFOPLIST_KEY_NSCameraUsageDescription = "";
				INFOPLIST_KEY_NSContactsUsageDescription = "";
				INFOPLIST_KEY_NSPhotoLibraryUsageDescription = "";
				INFOPLIST_KEY_UIApplicationSceneManifest_Generation = YES;
				INFOPLIST_KEY_UIApplicationSupportsIndirectInputEvents = YES;
				INFOPLIST_KEY_UILaunchScreen_Generation = YES;
				INFOPLIST_KEY_UISupportedInterfaceOrientations_iPad = "UIInterfaceOrientationPortrait UIInterfaceOrientationPortraitUpsideDown UIInterfaceOrientationLandscapeLeft UIInterfaceOrientationLandscapeRight";
				INFOPLIST_KEY_UISupportedInterfaceOrientations_iPhone = "UIInterfaceOrientationPortrait UIInterfaceOrientationLandscapeLeft UIInterfaceOrientationLandscapeRight";
				LD_RUNPATH_SEARCH_PATHS = (
					"$(inherited)",
					"@executable_path/Frameworks",
				);
				MARKETING_VERSION = 1.0;
				PRODUCT_BUNDLE_IDENTIFIER = brody.BinBud;
				PRODUCT_NAME = "$(TARGET_NAME)";
				SWIFT_EMIT_LOC_STRINGS = YES;
				SWIFT_VERSION = 5.0;
				TARGETED_DEVICE_FAMILY = "1,2";
			};
			name = Debug;
		};
		961542D12C78F7B100BCD7E9 /* Release */ = {
			isa = XCBuildConfiguration;
			buildSettings = {
				ASSETCATALOG_COMPILER_APPICON_NAME = AppIcon;
				ASSETCATALOG_COMPILER_GLOBAL_ACCENT_COLOR_NAME = AccentColor;
				CODE_SIGN_IDENTITY = "Apple Development";
				CODE_SIGN_STYLE = Automatic;
				CURRENT_PROJECT_VERSION = 1;
				DEVELOPMENT_ASSET_PATHS = "\"BinBud/Preview Content\"";
				DEVELOPMENT_TEAM = L979M8V7RW;
				ENABLE_PREVIEWS = YES;
				GENERATE_INFOPLIST_FILE = YES;
				INFOPLIST_KEY_NSCameraUsageDescription = "";
				INFOPLIST_KEY_NSContactsUsageDescription = "";
				INFOPLIST_KEY_NSPhotoLibraryUsageDescription = "";
				INFOPLIST_KEY_UIApplicationSceneManifest_Generation = YES;
				INFOPLIST_KEY_UIApplicationSupportsIndirectInputEvents = YES;
				INFOPLIST_KEY_UILaunchScreen_Generation = YES;
				INFOPLIST_KEY_UISupportedInterfaceOrientations_iPad = "UIInterfaceOrientationPortrait UIInterfaceOrientationPortraitUpsideDown UIInterfaceOrientationLandscapeLeft UIInterfaceOrientationLandscapeRight";
				INFOPLIST_KEY_UISupportedInterfaceOrientations_iPhone = "UIInterfaceOrientationPortrait UIInterfaceOrientationLandscapeLeft UIInterfaceOrientationLandscapeRight";
				LD_RUNPATH_SEARCH_PATHS = (
					"$(inherited)",
					"@executable_path/Frameworks",
				);
				MARKETING_VERSION = 1.0;
				PRODUCT_BUNDLE_IDENTIFIER = brody.BinBud;
				PRODUCT_NAME = "$(TARGET_NAME)";
				PROVISIONING_PROFILE_SPECIFIER = "";
				SWIFT_EMIT_LOC_STRINGS = YES;
				SWIFT_VERSION = 5.0;
				TARGETED_DEVICE_FAMILY = "1,2";
			};
			name = Release;
		};
/* End XCBuildConfiguration section */

/* Begin XCConfigurationList section */
		961542BC2C78F7AF00BCD7E9 /* Build configuration list for PBXProject "BinBud" */ = {
			isa = XCConfigurationList;
			buildConfigurations = (
				961542CD2C78F7B100BCD7E9 /* Debug */,
				961542CE2C78F7B100BCD7E9 /* Release */,
			);
			defaultConfigurationIsVisible = 0;
			defaultConfigurationName = Release;
		};
		961542CF2C78F7B100BCD7E9 /* Build configuration list for PBXNativeTarget "BinBud" */ = {
			isa = XCConfigurationList;
			buildConfigurations = (
				961542D02C78F7B100BCD7E9 /* Debug */,
				961542D12C78F7B100BCD7E9 /* Release */,
			);
			defaultConfigurationIsVisible = 0;
			defaultConfigurationName = Release;
		};
/* End XCConfigurationList section */
	};
	rootObject = 961542B92C78F7AF00BCD7E9 /* Project object */;
}
